
Microsoft Visual Studio Solution File, Format Version 12.00
# Visual Studio Version 16
VisualStudioVersion = 16.0.30011.22
MinimumVisualStudioVersion = 10.0.40219.1
Project("{FAE04EC0-301F-11D3-BF4B-00C04F79EFBC}") = "cricInfoSystem2", "cricInfoSystem2\cricInfoSystem2.csproj", "{16427C0A-ED69-40A1-AA46-94CACF89FC46}"
EndProject
Global
	GlobalSection(SolutionConfigurationPlatforms) = preSolution
		Debug|Any CPU = Debug|Any CPU
		Release|Any CPU = Release|Any CPU
	EndGlobalSection
	GlobalSection(ProjectConfigurationPlatforms) = postSolution
		{16427C0A-ED69-40A1-AA46-94CACF89FC46}.Debug|Any CPU.ActiveCfg = Debug|Any CPU
		{16427C0A-ED69-40A1-AA46-94CACF89FC46}.Debug|Any CPU.Build.0 = Debug|Any CPU
		{16427C0A-ED69-40A1-AA46-94CACF89FC46}.Release|Any CPU.ActiveCfg = Release|Any CPU
		{16427C0A-ED69-40A1-AA46-94CACF89FC46}.Release|Any CPU.Build.0 = Release|Any CPU
	EndGlobalSection
	GlobalSection(SolutionProperties) = preSolution
		HideSolutionNode = FALSE
	EndGlobalSection
	GlobalSection(ExtensibilityGlobals) = postSolution
		SolutionGuid = {C4C76447-9700-4358-864A-4B3A843FC2CF}
	EndGlobalSection
EndGlobal
